
Microsoft Visual Studio Solution File, Format Version 12.00
# Visual Studio 15
VisualStudioVersion = 15.0.28307.271
MinimumVisualStudioVersion = 10.0.40219.1
Project("{FAE04EC0-301F-11D3-BF4B-00C04F79EFBC}") = "Logistic", "Logistic\Logistic.csproj", "{EB43889E-FAE0-4F23-AB55-249431636FDC}"
EndProject
Global
	GlobalSection(SolutionConfigurationPlatforms) = preSolution
		Debug|Any CPU = Debug|Any CPU
		Release|Any CPU = Release|Any CPU
	EndGlobalSection
	GlobalSection(ProjectConfigurationPlatforms) = postSolution
		{EB43889E-FAE0-4F23-AB55-249431636FDC}.Debug|Any CPU.ActiveCfg = Debug|Any CPU
		{EB43889E-FAE0-4F23-AB55-249431636FDC}.Debug|Any CPU.Build.0 = Debug|Any CPU
		{EB43889E-FAE0-4F23-AB55-249431636FDC}.Release|Any CPU.ActiveCfg = Release|Any CPU
		{EB43889E-FAE0-4F23-AB55-249431636FDC}.Release|Any CPU.Build.0 = Release|Any CPU
	EndGlobalSection
	GlobalSection(SolutionProperties) = preSolution
		HideSolutionNode = FALSE
	EndGlobalSection
	GlobalSection(ExtensibilityGlobals) = postSolution
		SolutionGuid = {71843631-2EA7-4A90-9018-99EECA7D989C}
	EndGlobalSection
EndGlobal
